
Microsoft Visual Studio Solution File, Format Version 12.00
# Visual Studio Version 16
VisualStudioVersion = 16.0.30309.148
MinimumVisualStudioVersion = 10.0.40219.1
Project("{8BC9CEB8-8B4A-11D0-8D11-00A0C91BC942}") = "EngineProjectA.Core", "EngineProjectA.Core\EngineProjectA.Core.vcxproj", "{5351749A-7526-43E3-A508-A9026893E31F}"
EndProject
Global
	GlobalSection(SolutionConfigurationPlatforms) = preSolution
		Debug|x64 = Debug|x64
		Debug|x86 = Debug|x86
		Release|x64 = Release|x64
		Release|x86 = Release|x86
	EndGlobalSection
	GlobalSection(ProjectConfigurationPlatforms) = postSolution
		{5351749A-7526-43E3-A508-A9026893E31F}.Debug|x64.ActiveCfg = Debug|x64
		{5351749A-7526-43E3-A508-A9026893E31F}.Debug|x64.Build.0 = Debug|x64
		{5351749A-7526-43E3-A508-A9026893E31F}.Debug|x86.ActiveCfg = Debug|Win32
		{5351749A-7526-43E3-A508-A9026893E31F}.Debug|x86.Build.0 = Debug|Win32
		{5351749A-7526-43E3-A508-A9026893E31F}.Release|x64.ActiveCfg = Release|x64
		{5351749A-7526-43E3-A508-A9026893E31F}.Release|x64.Build.0 = Release|x64
		{5351749A-7526-43E3-A508-A9026893E31F}.Release|x86.ActiveCfg = Release|Win32
		{5351749A-7526-43E3-A508-A9026893E31F}.Release|x86.Build.0 = Release|Win32
	EndGlobalSection
	GlobalSection(SolutionProperties) = preSolution
		HideSolutionNode = FALSE
	EndGlobalSection
	GlobalSection(ExtensibilityGlobals) = postSolution
		SolutionGuid = {EE7B1BE6-E2EB-412D-8B79-5C1964BE681C}
	EndGlobalSection
EndGlobal
